
Microsoft Visual Studio Solution File, Format Version 12.00
# Visual Studio Version 16
VisualStudioVersion = 16.0.29806.167
MinimumVisualStudioVersion = 10.0.40219.1
Project("{FAE04EC0-301F-11D3-BF4B-00C04F79EFBC}") = "CollectFirewood", "CollectFirewood\CollectFirewood.csproj", "{7D47AC04-6F75-42F0-9694-6C9D1989D3B8}"
EndProject
Project("{FAE04EC0-301F-11D3-BF4B-00C04F79EFBC}") = "DAL", "Dal\DAL.csproj", "{61DB4710-5B19-4D28-BE5A-B06907A80E78}"
EndProject
Project("{FAE04EC0-301F-11D3-BF4B-00C04F79EFBC}") = "BLL", "BLL\BLL.csproj", "{2A12BE81-3420-44DB-9C2F-982FBB99263C}"
EndProject
Project("{FAE04EC0-301F-11D3-BF4B-00C04F79EFBC}") = "Model", "Model\Model.csproj", "{F690DCB8-9979-44B3-85E4-818CD7463411}"
EndProject
Project("{FAE04EC0-301F-11D3-BF4B-00C04F79EFBC}") = "Common", "Common\Common.csproj", "{0117CD36-AEB6-4634-8287-4217F5EA4FD4}"
EndProject
Global
	GlobalSection(SolutionConfigurationPlatforms) = preSolution
		Debug|Any CPU = Debug|Any CPU
		Release|Any CPU = Release|Any CPU
	EndGlobalSection
	GlobalSection(ProjectConfigurationPlatforms) = postSolution
		{7D47AC04-6F75-42F0-9694-6C9D1989D3B8}.Debug|Any CPU.ActiveCfg = Debug|Any CPU
		{7D47AC04-6F75-42F0-9694-6C9D1989D3B8}.Debug|Any CPU.Build.0 = Debug|Any CPU
		{7D47AC04-6F75-42F0-9694-6C9D1989D3B8}.Release|Any CPU.ActiveCfg = Release|Any CPU
		{7D47AC04-6F75-42F0-9694-6C9D1989D3B8}.Release|Any CPU.Build.0 = Release|Any CPU
		{61DB4710-5B19-4D28-BE5A-B06907A80E78}.Debug|Any CPU.ActiveCfg = Debug|Any CPU
		{61DB4710-5B19-4D28-BE5A-B06907A80E78}.Debug|Any CPU.Build.0 = Debug|Any CPU
		{61DB4710-5B19-4D28-BE5A-B06907A80E78}.Release|Any CPU.ActiveCfg = Release|Any CPU
		{61DB4710-5B19-4D28-BE5A-B06907A80E78}.Release|Any CPU.Build.0 = Release|Any CPU
		{2A12BE81-3420-44DB-9C2F-982FBB99263C}.Debug|Any CPU.ActiveCfg = Debug|Any CPU
		{2A12BE81-3420-44DB-9C2F-982FBB99263C}.Debug|Any CPU.Build.0 = Debug|Any CPU
		{2A12BE81-3420-44DB-9C2F-982FBB99263C}.Release|Any CPU.ActiveCfg = Release|Any CPU
		{2A12BE81-3420-44DB-9C2F-982FBB99263C}.Release|Any CPU.Build.0 = Release|Any CPU
		{F690DCB8-9979-44B3-85E4-818CD7463411}.Debug|Any CPU.ActiveCfg = Debug|Any CPU
		{F690DCB8-9979-44B3-85E4-818CD7463411}.Debug|Any CPU.Build.0 = Debug|Any CPU
		{F690DCB8-9979-44B3-85E4-818CD7463411}.Release|Any CPU.ActiveCfg = Release|Any CPU
		{F690DCB8-9979-44B3-85E4-818CD7463411}.Release|Any CPU.Build.0 = Release|Any CPU
		{0117CD36-AEB6-4634-8287-4217F5EA4FD4}.Debug|Any CPU.ActiveCfg = Debug|Any CPU
		{0117CD36-AEB6-4634-8287-4217F5EA4FD4}.Debug|Any CPU.Build.0 = Debug|Any CPU
		{0117CD36-AEB6-4634-8287-4217F5EA4FD4}.Release|Any CPU.ActiveCfg = Release|Any CPU
		{0117CD36-AEB6-4634-8287-4217F5EA4FD4}.Release|Any CPU.Build.0 = Release|Any CPU
	EndGlobalSection
	GlobalSection(SolutionProperties) = preSolution
		HideSolutionNode = FALSE
	EndGlobalSection
	GlobalSection(ExtensibilityGlobals) = postSolution
		SolutionGuid = {3AF4927F-A5B9-4F9F-A7E6-A62DA296B0D3}
	EndGlobalSection
EndGlobal
